<?xml version="1.0" encoding="utf-8"?>
<Project ToolsVersion="4.0" xmlns="http://schemas.microsoft.com/developer/msbuild/2003">
  <ItemGroup>
    <Filter Include="UI">
      <UniqueIdentifier>{ae8e6d8d-4d61-4711-817d-16c2b5f68142}</UniqueIdentifier>
    </Filter>
    <Filter Include="UI\Header Files">
      <UniqueIdentifier>{25137310-0b26-40c1-a901-f1e0e7a2faa6}</UniqueIdentifier>
    </Filter>
    <Filter Include="UI\Source Files">
      <UniqueIdentifier>{bea943d2-69e1-4a81-bfbf-7b8d882660ef}</UniqueIdentifier>
    </Filter>
    <Filter Include="main">
      <UniqueIdentifier>{1ee00d64-d5d2-4e54-8d75-948eb1c279a4}</UniqueIdentifier>
    </Filter>
    <Filter Include="main\Header Files">
      <UniqueIdentifier>{93995380-89BD-4b04-88EB-625FBE52EBFB}</UniqueIdentifier>
      <Extensions>h;hh;hpp;hxx;h++;hm;inl;inc;ipp;xsd</Extensions>
    </Filter>
    <Filter Include="main\Source Files">
      <UniqueIdentifier>{4FC737F1-C7A5-4376-A066-2A32D752A2FF}</UniqueIdentifier>
      <Extensions>cpp;c;cc;cxx;c++;cppm;ixx;def;odl;idl;hpj;bat;asm;asmx</Extensions>
    </Filter>
  </ItemGroup>
  <ItemGroup>
    <ClCompile Include="application.cpp">
      <Filter>main\Source Files</Filter>
    </ClCompile>
    <ClCompile Include="compvector.cpp">
      <Filter>main\Source Files</Filter>
    </ClCompile>
    <ClCompile Include="gameobject.cpp">
      <Filter>main\Source Files</Filter>
    </ClCompile>
    <ClCompile Include="global.cpp">
      <Filter>main\Source Files</Filter>
    </ClCompile>
    <ClCompile Include="history.cpp">
      <Filter>main\Source Files</Filter>
    </ClCompile>
    <ClCompile Include="logger.cpp">
      <Filter>main\Source Files</Filter>
    </ClCompile>
    <ClCompile Include="main.cpp">
      <Filter>main\Source Files</Filter>
    </ClCompile>
    <ClCompile Include="objectlist.cpp">
      <Filter>main\Source Files</Filter>
    </ClCompile>
    <ClCompile Include="polygon.cpp">
      <Filter>main\Source Files</Filter>
    </ClCompile>
    <ClCompile Include="searchindex.cpp">
      <Filter>main\Source Files</Filter>
    </ClCompile>
    <ClCompile Include="serializer.cpp">
      <Filter>main\Source Files</Filter>
    </ClCompile>
    <ClCompile Include="tools.cpp">
      <Filter>main\Source Files</Filter>
    </ClCompile>
    <ClCompile Include="utils.cpp">
      <Filter>main\Source Files</Filter>
    </ClCompile>
    <ClCompile Include="widget.cpp">
      <Filter>main\Source Files</Filter>
    </ClCompile>
    <ClCompile Include="editwindow.cpp">
      <Filter>UI\Source Files</Filter>
    </ClCompile>
    <ClCompile Include="toolbox.cpp">
      <Filter>UI\Source Files</Filter>
    </ClCompile>
    <ClCompile Include="create_panel.cpp">
      <Filter>UI\Source Files</Filter>
    </ClCompile>
  </ItemGroup>
  <ItemGroup>
    <ClInclude Include="application.h">
      <Filter>main\Header Files</Filter>
    </ClInclude>
    <ClInclude Include="compvector.h">
      <Filter>main\Header Files</Filter>
    </ClInclude>
    <ClInclude Include="gameobject.h">
      <Filter>main\Header Files</Filter>
    </ClInclude>
    <ClInclude Include="global.h">
      <Filter>main\Header Files</Filter>
    </ClInclude>
    <ClInclude Include="history.h">
      <Filter>main\Header Files</Filter>
    </ClInclude>
    <ClInclude Include="logger.h">
      <Filter>main\Header Files</Filter>
    </ClInclude>
    <ClInclude Include="objectlist.h">
      <Filter>main\Header Files</Filter>
    </ClInclude>
    <ClInclude Include="polygon.h">
      <Filter>main\Header Files</Filter>
    </ClInclude>
    <ClInclude Include="scenes.h">
      <Filter>main\Header Files</Filter>
    </ClInclude>
    <ClInclude Include="searchindex.h">
      <Filter>main\Header Files</Filter>
    </ClInclude>
    <ClInclude Include="serializer.h">
      <Filter>main\Header Files</Filter>
    </ClInclude>
    <ClInclude Include="tools.h">
      <Filter>main\Header Files</Filter>
    </ClInclude>
    <ClInclude Include="utils.h">
      <Filter>main\Header Files</Filter>
    </ClInclude>
    <ClInclude Include="widget.h">
      <Filter>main\Header Files</Filter>
    </ClInclude>
    <ClInclude Include="editwindow.h">
      <Filter>UI\Header Files</Filter>
    </ClInclude>
    <ClInclude Include="toolbox.h">
      <Filter>UI\Header Files</Filter>
    </ClInclude>
    <ClInclude Include="create_panel.h">
      <Filter>UI\Header Files</Filter>
    </ClInclude>
  </ItemGroup>
</Project>